
Microsoft Visual Studio Solution File, Format Version 12.00
# Visual Studio Version 16
VisualStudioVersion = 16.0.31129.286
MinimumVisualStudioVersion = 10.0.40219.1
Project("{FAE04EC0-301F-11D3-BF4B-00C04F79EFBC}") = "Igra", "Igra\Igra.csproj", "{7EF9E818-BB19-4255-A1A6-AD32F69BFC06}"
EndProject
Global
	GlobalSection(SolutionConfigurationPlatforms) = preSolution
		Debug|Any CPU = Debug|Any CPU
		Release|Any CPU = Release|Any CPU
	EndGlobalSection
	GlobalSection(ProjectConfigurationPlatforms) = postSolution
		{7EF9E818-BB19-4255-A1A6-AD32F69BFC06}.Debug|Any CPU.ActiveCfg = Debug|Any CPU
		{7EF9E818-BB19-4255-A1A6-AD32F69BFC06}.Debug|Any CPU.Build.0 = Debug|Any CPU
		{7EF9E818-BB19-4255-A1A6-AD32F69BFC06}.Release|Any CPU.ActiveCfg = Release|Any CPU
		{7EF9E818-BB19-4255-A1A6-AD32F69BFC06}.Release|Any CPU.Build.0 = Release|Any CPU
	EndGlobalSection
	GlobalSection(SolutionProperties) = preSolution
		HideSolutionNode = FALSE
	EndGlobalSection
	GlobalSection(ExtensibilityGlobals) = postSolution
		SolutionGuid = {82AF25B2-C42D-4111-AE42-A2C83526B6EA}
	EndGlobalSection
EndGlobal
